# This file is autogenerated, do not edit; changes may be undone by the next 'dep ensure'.


[[projects]]
  name = "github.com/graphql-go/graphql"
  packages = [
    ".",
    "gqlerrors",
    "language/ast",
    "language/kinds",
    "language/lexer",
    "language/location",
    "language/parser",
    "language/printer",
    "language/source",
    "language/typeInfo",
    "language/visitor"
  ]
  revision = "5c1be0872a56fba73b279434ea95dfda735abedd"
  version = "v0.7.6"

[[projects]]
  branch = "master"
  name = "github.com/ik5/gostrutils"
  packages = ["."]
  revision = "28747eca49b5638febadc12c5e6624f6bb49e36a"

[solve-meta]
  analyzer-name = "dep"
  analyzer-version = 1
  inputs-digest = "6484b9b5b5b26a59e76baae511a6f6f7b27346b33a67d108e0e3406845b559d0"
  solver-name = "gps-cdcl"
  solver-version = 1
