# This file is autogenerated, do not edit; changes may be undone by the next 'dep ensure'.


[[projects]]
  name = "github.com/graphql-go/graphql"
  packages = [
    ".",
    "gqlerrors",
    "language/ast",
    "language/kinds",
    "language/lexer",
    "language/location",
    "language/parser",
    "language/printer",
    "language/source",
    "language/typeInfo",
    "language/visitor"
  ]
  revision = "5c1be0872a56fba73b279434ea95dfda735abedd"
  version = "v0.7.6"

[[projects]]
  name = "github.com/ik5/gostrutils"
  packages = ["."]
  revision = "0f72fdb42f597da68db5d1cfc2384a6eafb8f1f6"
  version = "v0.1"

[solve-meta]
  analyzer-name = "dep"
  analyzer-version = 1
  inputs-digest = "26b243443d84ab0ffa56d4c8c1dee4d46ba7459def00d1ee3e43ba9f82154eba"
  solver-name = "gps-cdcl"
  solver-version = 1
